
Microsoft Visual Studio Solution File, Format Version 12.00
# Visual Studio Version 17
VisualStudioVersion = 17.14.36429.23 d17.14
MinimumVisualStudioVersion = 10.0.40219.1
Project("{2150E333-8FDC-42A3-9474-1A3956D46DE8}") = "Task0", "Task0", "{02EA681E-C7D8-13C7-8484-4AC65E1B71E8}"
EndProject
Project("{2150E333-8FDC-42A3-9474-1A3956D46DE8}") = "Task1", "Task1", "{F29085E0-16F4-465B-B507-E4AADEB71B80}"
EndProject
Project("{2150E333-8FDC-42A3-9474-1A3956D46DE8}") = "Task2", "Task2", "{CFFC9A4D-A750-40C0-94E5-485B139BA916}"
EndProject
Project("{2150E333-8FDC-42A3-9474-1A3956D46DE8}") = "Task3", "Task3", "{E9758D63-A3EA-4439-A7C5-E740389F3CC5}"
EndProject
Project("{2150E333-8FDC-42A3-9474-1A3956D46DE8}") = "Task4", "Task4", "{7F2A8251-7EAA-470A-B9D1-98E6A3C6C325}"
EndProject
Project("{2150E333-8FDC-42A3-9474-1A3956D46DE8}") = "Task5", "Task5", "{4CF961CF-12B5-4F4B-B6CD-DE0827DF2A96}"
EndProject
Project("{2150E333-8FDC-42A3-9474-1A3956D46DE8}") = "Task6", "Task6", "{0B3A4279-AFDE-4281-93D5-BE019BCCEDB2}"
EndProject
Project("{2150E333-8FDC-42A3-9474-1A3956D46DE8}") = "Task7", "Task7", "{96B0B9DE-72CA-4182-876E-64B27BD9762B}"
EndProject
Project("{FAE04EC0-301F-11D3-BF4B-00C04F79EFBC}") = "Tyuiu.TenkeumiaffoSL.Sprint2.Task0.V13", "Tyuiu.TenkeumiaffoSL.Sprint2.Task0.V13\Tyuiu.TenkeumiaffoSL.Sprint2.Task0.V13.csproj", "{95BAE408-BF4D-4842-A705-4CDAAA558623}"
EndProject
Project("{FAE04EC0-301F-11D3-BF4B-00C04F79EFBC}") = "Tyuiu.TenkeumiaffoSL.Sprint2.Task0.V13.Lib", "Tyuiu.TenkeumiaffoSL.Sprint2.Task0.V13.Lib\Tyuiu.TenkeumiaffoSL.Sprint2.Task0.V13.Lib.csproj", "{C411E271-2402-47F2-9B6A-F788E723754D}"
EndProject
Project("{FAE04EC0-301F-11D3-BF4B-00C04F79EFBC}") = "Tyuiu.TenkeumiaffoSL.Sprint2.Task0.V13.Test", "Tyuiu.TenkeumiaffoSL.Sprint2.Task0.V13.Test\Tyuiu.TenkeumiaffoSL.Sprint2.Task0.V13.Test.csproj", "{6CC20BAF-4BA4-4CC3-ADC0-3F8172129A94}"
EndProject
Project("{FAE04EC0-301F-11D3-BF4B-00C04F79EFBC}") = "Tyuiu.TenkeumiaffoSL.Sprint2.Task1.V6", "Tyuiu.TenkeumiaffoSL.Sprint2.Task1.V6\Tyuiu.TenkeumiaffoSL.Sprint2.Task1.V6.csproj", "{3BA100D5-92F7-4738-A216-40F94E0AEEB4}"
EndProject
Project("{FAE04EC0-301F-11D3-BF4B-00C04F79EFBC}") = "Tyuiu.TenkeumiaffoSL.Sprint2.Task1.V6.Lib", "Tyuiu.TenkeumiaffoSL.Sprint2.Task1.V6.Lib\Tyuiu.TenkeumiaffoSL.Sprint2.Task1.V6.Lib.csproj", "{71B5B52B-26E7-4258-B859-BE375737F180}"
EndProject
Project("{FAE04EC0-301F-11D3-BF4B-00C04F79EFBC}") = "Tyuiu.TenkeumiaffoSL.Sprint2.Task1.V6.Test", "Tyuiu.TenkeumiaffoSL.Sprint2.Task1.V6.Test\Tyuiu.TenkeumiaffoSL.Sprint2.Task1.V6.Test.csproj", "{F4B22D25-CA2D-4744-ABCB-49B288DDDE27}"
EndProject
Project("{FAE04EC0-301F-11D3-BF4B-00C04F79EFBC}") = "Tyuiu.TenkeumiaffoSL.Sprint2.Task2.V13", "Tyuiu.TenkeumiaffoSL.Sprint2.Task2.V13\Tyuiu.TenkeumiaffoSL.Sprint2.Task2.V13.csproj", "{C667692B-1F72-48E5-BAC4-8A8AFCB33243}"
EndProject
Project("{FAE04EC0-301F-11D3-BF4B-00C04F79EFBC}") = "Tyuiu.TenkeumiaffoSL.Sprint2.Task2.V13.Lib", "Tyuiu.TenkeumiaffoSL.Sprint2.Task2.V13.Lib\Tyuiu.TenkeumiaffoSL.Sprint2.Task2.V13.Lib.csproj", "{B4A9AC81-BC3A-463D-8DBF-C94614FD4900}"
EndProject
Project("{FAE04EC0-301F-11D3-BF4B-00C04F79EFBC}") = "Tyuiu.TenkeumiaffoSL.Sprint2.Task2.V13.Test", "Tyuiu.TenkeumiaffoSL.Sprint2.Task2.V13.Test\Tyuiu.TenkeumiaffoSL.Sprint2.Task2.V13.Test.csproj", "{A07BE472-23C1-4AFA-8175-4652A4734F3F}"
EndProject
Project("{FAE04EC0-301F-11D3-BF4B-00C04F79EFBC}") = "Tyuiu.TenkeumiaffoSL.Sprint2.Task3.V2", "Tyuiu.TenkeumiaffoSL.Sprint2.Task3.V2\Tyuiu.TenkeumiaffoSL.Sprint2.Task3.V2.csproj", "{53CE974B-9A3C-462E-BD26-05C20500FDAF}"
EndProject
Project("{FAE04EC0-301F-11D3-BF4B-00C04F79EFBC}") = "Tyuiu.TenkeumiaffoSL.Sprint2.Task3.V2.Lib", "Tyuiu.TenkeumiaffoSL.Sprint2.Task3.V2.Lib\Tyuiu.TenkeumiaffoSL.Sprint2.Task3.V2.Lib.csproj", "{EA41A9CA-4800-4C38-A62F-031783489C6F}"
EndProject
Project("{FAE04EC0-301F-11D3-BF4B-00C04F79EFBC}") = "Tyuiu.TenkeumiaffoSL.Sprint2.Task3.V2.Test", "Tyuiu.TenkeumiaffoSL.Sprint2.Task3.V2.Test\Tyuiu.TenkeumiaffoSL.Sprint2.Task3.V2.Test.csproj", "{755D5B05-22AA-42F3-B86E-8F0D319B27EE}"
EndProject
Project("{FAE04EC0-301F-11D3-BF4B-00C04F79EFBC}") = "Tyuiu.TenkeumiaffoSL.Sprint2.Task4.V11", "Tyuiu.TenkeumiaffoSL.Sprint2.Task4.V11\Tyuiu.TenkeumiaffoSL.Sprint2.Task4.V11.csproj", "{4D140473-8C1E-4431-A0C6-D9D58674AA42}"
EndProject
Project("{FAE04EC0-301F-11D3-BF4B-00C04F79EFBC}") = "Tyuiu.TenkeumiaffoSL.Sprint2.Task4.V11.Lib", "Tyuiu.TenkeumiaffoSL.Sprint2.Task4.V11.Lib\Tyuiu.TenkeumiaffoSL.Sprint2.Task4.V11.Lib.csproj", "{5E67B8E9-6C93-4BC1-881A-A6B6BCF0F99A}"
EndProject
Project("{FAE04EC0-301F-11D3-BF4B-00C04F79EFBC}") = "Tyuiu.TenkeumiaffoSL.Sprint2.Task4.V11.Test", "Tyuiu.TenkeumiaffoSL.Sprint2.Task4.V11.Test\Tyuiu.TenkeumiaffoSL.Sprint2.Task4.V11.Test.csproj", "{A38E0284-9C31-42EA-AF9D-0A909BB17402}"
EndProject
Project("{FAE04EC0-301F-11D3-BF4B-00C04F79EFBC}") = "Tyuiu.TenkeumiaffoSL.Sprint2.Task5.V8", "Tyuiu.TenkeumiaffoSL.Sprint2.Task5.V8\Tyuiu.TenkeumiaffoSL.Sprint2.Task5.V8.csproj", "{E4B11520-83B3-4605-873A-715C242252A8}"
EndProject
Project("{FAE04EC0-301F-11D3-BF4B-00C04F79EFBC}") = "Tyuiu.TenkeumiaffoSL.Sprint2.Task5.V8.Lib", "Tyuiu.TenkeumiaffoSL.Sprint2.Task5.V8.Lib\Tyuiu.TenkeumiaffoSL.Sprint2.Task5.V8.Lib.csproj", "{CA8EAC7B-B085-42B8-A114-7C5F9E383DEA}"
EndProject
Project("{FAE04EC0-301F-11D3-BF4B-00C04F79EFBC}") = "Tyuiu.TenkeumiaffoSL.Sprint2.Task5.V8.Test", "Tyuiu.TenkeumiaffoSL.Sprint2.Task5.V8.Test\Tyuiu.TenkeumiaffoSL.Sprint2.Task5.V8.Test.csproj", "{660B5EA3-5C2A-4D82-8E87-537067B118C0}"
EndProject
Project("{FAE04EC0-301F-11D3-BF4B-00C04F79EFBC}") = "Tyuiu.TenkeumiaffoSL.Sprint2.Task6.V11", "Tyuiu.TenkeumiaffoSL.Sprint2.Task6.V11\Tyuiu.TenkeumiaffoSL.Sprint2.Task6.V11.csproj", "{D4E129DF-72BF-4174-96E9-B0BF0F566399}"
EndProject
Project("{FAE04EC0-301F-11D3-BF4B-00C04F79EFBC}") = "Tyuiu.TenkeumiaffoSL.Sprint2.Task6.V11.Lib", "Tyuiu.TenkeumiaffoSL.Sprint2.Task6.V11.Lib\Tyuiu.TenkeumiaffoSL.Sprint2.Task6.V11.Lib.csproj", "{FA9406DB-B2F3-4818-9669-35F0F53302EC}"
EndProject
Project("{FAE04EC0-301F-11D3-BF4B-00C04F79EFBC}") = "Tyuiu.TenkeumiaffoSL.Sprint2.Task6.V11.Test", "Tyuiu.TenkeumiaffoSL.Sprint2.Task6.V11.Test\Tyuiu.TenkeumiaffoSL.Sprint2.Task6.V11.Test.csproj", "{B9EC52BC-6807-4581-95CA-1D37254A08A0}"
EndProject
Project("{FAE04EC0-301F-11D3-BF4B-00C04F79EFBC}") = "Tyuiu.TenkeumiaffoSL.Sprint2.Task7.V3", "Tyuiu.TenkeumiaffoSL.Sprint2.Task7.V3\Tyuiu.TenkeumiaffoSL.Sprint2.Task7.V3.csproj", "{97473D90-E628-4548-A491-4678514844B1}"
EndProject
Project("{FAE04EC0-301F-11D3-BF4B-00C04F79EFBC}") = "Tyuiu.TenkeumiaffoSL.Sprint2.Task7.V3.Lib", "Tyuiu.TenkeumiaffoSL.Sprint2.Task7.V3.Lib\Tyuiu.TenkeumiaffoSL.Sprint2.Task7.V3.Lib.csproj", "{AE742F8A-2074-4F22-BC73-DE03E146DB0C}"
EndProject
Project("{FAE04EC0-301F-11D3-BF4B-00C04F79EFBC}") = "Tyuiu.TenkeumiaffoSL.Sprint2.Task7.V3.Test", "Tyuiu.TenkeumiaffoSL.Sprint2.Task7.V3.Test\Tyuiu.TenkeumiaffoSL.Sprint2.Task7.V3.Test.csproj", "{382322BD-141F-4583-B340-D63E6A1ADD19}"
EndProject
Global
	GlobalSection(SolutionConfigurationPlatforms) = preSolution
		Debug|Any CPU = Debug|Any CPU
		Release|Any CPU = Release|Any CPU
	EndGlobalSection
	GlobalSection(ProjectConfigurationPlatforms) = postSolution
		{95BAE408-BF4D-4842-A705-4CDAAA558623}.Debug|Any CPU.ActiveCfg = Debug|Any CPU
		{95BAE408-BF4D-4842-A705-4CDAAA558623}.Debug|Any CPU.Build.0 = Debug|Any CPU
		{95BAE408-BF4D-4842-A705-4CDAAA558623}.Release|Any CPU.ActiveCfg = Release|Any CPU
		{95BAE408-BF4D-4842-A705-4CDAAA558623}.Release|Any CPU.Build.0 = Release|Any CPU
		{C411E271-2402-47F2-9B6A-F788E723754D}.Debug|Any CPU.ActiveCfg = Debug|Any CPU
		{C411E271-2402-47F2-9B6A-F788E723754D}.Debug|Any CPU.Build.0 = Debug|Any CPU
		{C411E271-2402-47F2-9B6A-F788E723754D}.Release|Any CPU.ActiveCfg = Release|Any CPU
		{C411E271-2402-47F2-9B6A-F788E723754D}.Release|Any CPU.Build.0 = Release|Any CPU
		{6CC20BAF-4BA4-4CC3-ADC0-3F8172129A94}.Debug|Any CPU.ActiveCfg = Debug|Any CPU
		{6CC20BAF-4BA4-4CC3-ADC0-3F8172129A94}.Debug|Any CPU.Build.0 = Debug|Any CPU
		{6CC20BAF-4BA4-4CC3-ADC0-3F8172129A94}.Release|Any CPU.ActiveCfg = Release|Any CPU
		{6CC20BAF-4BA4-4CC3-ADC0-3F8172129A94}.Release|Any CPU.Build.0 = Release|Any CPU
		{3BA100D5-92F7-4738-A216-40F94E0AEEB4}.Debug|Any CPU.ActiveCfg = Debug|Any CPU
		{3BA100D5-92F7-4738-A216-40F94E0AEEB4}.Debug|Any CPU.Build.0 = Debug|Any CPU
		{3BA100D5-92F7-4738-A216-40F94E0AEEB4}.Release|Any CPU.ActiveCfg = Release|Any CPU
		{3BA100D5-92F7-4738-A216-40F94E0AEEB4}.Release|Any CPU.Build.0 = Release|Any CPU
		{71B5B52B-26E7-4258-B859-BE375737F180}.Debug|Any CPU.ActiveCfg = Debug|Any CPU
		{71B5B52B-26E7-4258-B859-BE375737F180}.Debug|Any CPU.Build.0 = Debug|Any CPU
		{71B5B52B-26E7-4258-B859-BE375737F180}.Release|Any CPU.ActiveCfg = Release|Any CPU
		{71B5B52B-26E7-4258-B859-BE375737F180}.Release|Any CPU.Build.0 = Release|Any CPU
		{F4B22D25-CA2D-4744-ABCB-49B288DDDE27}.Debug|Any CPU.ActiveCfg = Debug|Any CPU
		{F4B22D25-CA2D-4744-ABCB-49B288DDDE27}.Debug|Any CPU.Build.0 = Debug|Any CPU
		{F4B22D25-CA2D-4744-ABCB-49B288DDDE27}.Release|Any CPU.ActiveCfg = Release|Any CPU
		{F4B22D25-CA2D-4744-ABCB-49B288DDDE27}.Release|Any CPU.Build.0 = Release|Any CPU
		{C667692B-1F72-48E5-BAC4-8A8AFCB33243}.Debug|Any CPU.ActiveCfg = Debug|Any CPU
		{C667692B-1F72-48E5-BAC4-8A8AFCB33243}.Debug|Any CPU.Build.0 = Debug|Any CPU
		{C667692B-1F72-48E5-BAC4-8A8AFCB33243}.Release|Any CPU.ActiveCfg = Release|Any CPU
		{C667692B-1F72-48E5-BAC4-8A8AFCB33243}.Release|Any CPU.Build.0 = Release|Any CPU
		{B4A9AC81-BC3A-463D-8DBF-C94614FD4900}.Debug|Any CPU.ActiveCfg = Debug|Any CPU
		{B4A9AC81-BC3A-463D-8DBF-C94614FD4900}.Debug|Any CPU.Build.0 = Debug|Any CPU
		{B4A9AC81-BC3A-463D-8DBF-C94614FD4900}.Release|Any CPU.ActiveCfg = Release|Any CPU
		{B4A9AC81-BC3A-463D-8DBF-C94614FD4900}.Release|Any CPU.Build.0 = Release|Any CPU
		{A07BE472-23C1-4AFA-8175-4652A4734F3F}.Debug|Any CPU.ActiveCfg = Debug|Any CPU
		{A07BE472-23C1-4AFA-8175-4652A4734F3F}.Debug|Any CPU.Build.0 = Debug|Any CPU
		{A07BE472-23C1-4AFA-8175-4652A4734F3F}.Release|Any CPU.ActiveCfg = Release|Any CPU
		{A07BE472-23C1-4AFA-8175-4652A4734F3F}.Release|Any CPU.Build.0 = Release|Any CPU
		{53CE974B-9A3C-462E-BD26-05C20500FDAF}.Debug|Any CPU.ActiveCfg = Debug|Any CPU
		{53CE974B-9A3C-462E-BD26-05C20500FDAF}.Debug|Any CPU.Build.0 = Debug|Any CPU
		{53CE974B-9A3C-462E-BD26-05C20500FDAF}.Release|Any CPU.ActiveCfg = Release|Any CPU
		{53CE974B-9A3C-462E-BD26-05C20500FDAF}.Release|Any CPU.Build.0 = Release|Any CPU
		{EA41A9CA-4800-4C38-A62F-031783489C6F}.Debug|Any CPU.ActiveCfg = Debug|Any CPU
		{EA41A9CA-4800-4C38-A62F-031783489C6F}.Debug|Any CPU.Build.0 = Debug|Any CPU
		{EA41A9CA-4800-4C38-A62F-031783489C6F}.Release|Any CPU.ActiveCfg = Release|Any CPU
		{EA41A9CA-4800-4C38-A62F-031783489C6F}.Release|Any CPU.Build.0 = Release|Any CPU
		{755D5B05-22AA-42F3-B86E-8F0D319B27EE}.Debug|Any CPU.ActiveCfg = Debug|Any CPU
		{755D5B05-22AA-42F3-B86E-8F0D319B27EE}.Debug|Any CPU.Build.0 = Debug|Any CPU
		{755D5B05-22AA-42F3-B86E-8F0D319B27EE}.Release|Any CPU.ActiveCfg = Release|Any CPU
		{755D5B05-22AA-42F3-B86E-8F0D319B27EE}.Release|Any CPU.Build.0 = Release|Any CPU
		{4D140473-8C1E-4431-A0C6-D9D58674AA42}.Debug|Any CPU.ActiveCfg = Debug|Any CPU
		{4D140473-8C1E-4431-A0C6-D9D58674AA42}.Debug|Any CPU.Build.0 = Debug|Any CPU
		{4D140473-8C1E-4431-A0C6-D9D58674AA42}.Release|Any CPU.ActiveCfg = Release|Any CPU
		{4D140473-8C1E-4431-A0C6-D9D58674AA42}.Release|Any CPU.Build.0 = Release|Any CPU
		{5E67B8E9-6C93-4BC1-881A-A6B6BCF0F99A}.Debug|Any CPU.ActiveCfg = Debug|Any CPU
		{5E67B8E9-6C93-4BC1-881A-A6B6BCF0F99A}.Debug|Any CPU.Build.0 = Debug|Any CPU
		{5E67B8E9-6C93-4BC1-881A-A6B6BCF0F99A}.Release|Any CPU.ActiveCfg = Release|Any CPU
		{5E67B8E9-6C93-4BC1-881A-A6B6BCF0F99A}.Release|Any CPU.Build.0 = Release|Any CPU
		{A38E0284-9C31-42EA-AF9D-0A909BB17402}.Debug|Any CPU.ActiveCfg = Debug|Any CPU
		{A38E0284-9C31-42EA-AF9D-0A909BB17402}.Debug|Any CPU.Build.0 = Debug|Any CPU
		{A38E0284-9C31-42EA-AF9D-0A909BB17402}.Release|Any CPU.ActiveCfg = Release|Any CPU
		{A38E0284-9C31-42EA-AF9D-0A909BB17402}.Release|Any CPU.Build.0 = Release|Any CPU
		{E4B11520-83B3-4605-873A-715C242252A8}.Debug|Any CPU.ActiveCfg = Debug|Any CPU
		{E4B11520-83B3-4605-873A-715C242252A8}.Debug|Any CPU.Build.0 = Debug|Any CPU
		{E4B11520-83B3-4605-873A-715C242252A8}.Release|Any CPU.ActiveCfg = Release|Any CPU
		{E4B11520-83B3-4605-873A-715C242252A8}.Release|Any CPU.Build.0 = Release|Any CPU
		{CA8EAC7B-B085-42B8-A114-7C5F9E383DEA}.Debug|Any CPU.ActiveCfg = Debug|Any CPU
		{CA8EAC7B-B085-42B8-A114-7C5F9E383DEA}.Debug|Any CPU.Build.0 = Debug|Any CPU
		{CA8EAC7B-B085-42B8-A114-7C5F9E383DEA}.Release|Any CPU.ActiveCfg = Release|Any CPU
		{CA8EAC7B-B085-42B8-A114-7C5F9E383DEA}.Release|Any CPU.Build.0 = Release|Any CPU
		{660B5EA3-5C2A-4D82-8E87-537067B118C0}.Debug|Any CPU.ActiveCfg = Debug|Any CPU
		{660B5EA3-5C2A-4D82-8E87-537067B118C0}.Debug|Any CPU.Build.0 = Debug|Any CPU
		{660B5EA3-5C2A-4D82-8E87-537067B118C0}.Release|Any CPU.ActiveCfg = Release|Any CPU
		{660B5EA3-5C2A-4D82-8E87-537067B118C0}.Release|Any CPU.Build.0 = Release|Any CPU
		{D4E129DF-72BF-4174-96E9-B0BF0F566399}.Debug|Any CPU.ActiveCfg = Debug|Any CPU
		{D4E129DF-72BF-4174-96E9-B0BF0F566399}.Debug|Any CPU.Build.0 = Debug|Any CPU
		{D4E129DF-72BF-4174-96E9-B0BF0F566399}.Release|Any CPU.ActiveCfg = Release|Any CPU
		{D4E129DF-72BF-4174-96E9-B0BF0F566399}.Release|Any CPU.Build.0 = Release|Any CPU
		{FA9406DB-B2F3-4818-9669-35F0F53302EC}.Debug|Any CPU.ActiveCfg = Debug|Any CPU
		{FA9406DB-B2F3-4818-9669-35F0F53302EC}.Debug|Any CPU.Build.0 = Debug|Any CPU
		{FA9406DB-B2F3-4818-9669-35F0F53302EC}.Release|Any CPU.ActiveCfg = Release|Any CPU
		{FA9406DB-B2F3-4818-9669-35F0F53302EC}.Release|Any CPU.Build.0 = Release|Any CPU
		{B9EC52BC-6807-4581-95CA-1D37254A08A0}.Debug|Any CPU.ActiveCfg = Debug|Any CPU
		{B9EC52BC-6807-4581-95CA-1D37254A08A0}.Debug|Any CPU.Build.0 = Debug|Any CPU
		{B9EC52BC-6807-4581-95CA-1D37254A08A0}.Release|Any CPU.ActiveCfg = Release|Any CPU
		{B9EC52BC-6807-4581-95CA-1D37254A08A0}.Release|Any CPU.Build.0 = Release|Any CPU
		{97473D90-E628-4548-A491-4678514844B1}.Debug|Any CPU.ActiveCfg = Debug|Any CPU
		{97473D90-E628-4548-A491-4678514844B1}.Debug|Any CPU.Build.0 = Debug|Any CPU
		{97473D90-E628-4548-A491-4678514844B1}.Release|Any CPU.ActiveCfg = Release|Any CPU
		{97473D90-E628-4548-A491-4678514844B1}.Release|Any CPU.Build.0 = Release|Any CPU
		{AE742F8A-2074-4F22-BC73-DE03E146DB0C}.Debug|Any CPU.ActiveCfg = Debug|Any CPU
		{AE742F8A-2074-4F22-BC73-DE03E146DB0C}.Debug|Any CPU.Build.0 = Debug|Any CPU
		{AE742F8A-2074-4F22-BC73-DE03E146DB0C}.Release|Any CPU.ActiveCfg = Release|Any CPU
		{AE742F8A-2074-4F22-BC73-DE03E146DB0C}.Release|Any CPU.Build.0 = Release|Any CPU
		{382322BD-141F-4583-B340-D63E6A1ADD19}.Debug|Any CPU.ActiveCfg = Debug|Any CPU
		{382322BD-141F-4583-B340-D63E6A1ADD19}.Debug|Any CPU.Build.0 = Debug|Any CPU
		{382322BD-141F-4583-B340-D63E6A1ADD19}.Release|Any CPU.ActiveCfg = Release|Any CPU
		{382322BD-141F-4583-B340-D63E6A1ADD19}.Release|Any CPU.Build.0 = Release|Any CPU
	EndGlobalSection
	GlobalSection(SolutionProperties) = preSolution
		HideSolutionNode = FALSE
	EndGlobalSection
	GlobalSection(NestedProjects) = preSolution
		{95BAE408-BF4D-4842-A705-4CDAAA558623} = {02EA681E-C7D8-13C7-8484-4AC65E1B71E8}
		{C411E271-2402-47F2-9B6A-F788E723754D} = {02EA681E-C7D8-13C7-8484-4AC65E1B71E8}
		{6CC20BAF-4BA4-4CC3-ADC0-3F8172129A94} = {02EA681E-C7D8-13C7-8484-4AC65E1B71E8}
		{3BA100D5-92F7-4738-A216-40F94E0AEEB4} = {F29085E0-16F4-465B-B507-E4AADEB71B80}
		{71B5B52B-26E7-4258-B859-BE375737F180} = {F29085E0-16F4-465B-B507-E4AADEB71B80}
		{F4B22D25-CA2D-4744-ABCB-49B288DDDE27} = {F29085E0-16F4-465B-B507-E4AADEB71B80}
		{C667692B-1F72-48E5-BAC4-8A8AFCB33243} = {CFFC9A4D-A750-40C0-94E5-485B139BA916}
		{B4A9AC81-BC3A-463D-8DBF-C94614FD4900} = {CFFC9A4D-A750-40C0-94E5-485B139BA916}
		{A07BE472-23C1-4AFA-8175-4652A4734F3F} = {CFFC9A4D-A750-40C0-94E5-485B139BA916}
		{53CE974B-9A3C-462E-BD26-05C20500FDAF} = {E9758D63-A3EA-4439-A7C5-E740389F3CC5}
		{EA41A9CA-4800-4C38-A62F-031783489C6F} = {E9758D63-A3EA-4439-A7C5-E740389F3CC5}
		{755D5B05-22AA-42F3-B86E-8F0D319B27EE} = {E9758D63-A3EA-4439-A7C5-E740389F3CC5}
		{4D140473-8C1E-4431-A0C6-D9D58674AA42} = {7F2A8251-7EAA-470A-B9D1-98E6A3C6C325}
		{5E67B8E9-6C93-4BC1-881A-A6B6BCF0F99A} = {7F2A8251-7EAA-470A-B9D1-98E6A3C6C325}
		{A38E0284-9C31-42EA-AF9D-0A909BB17402} = {7F2A8251-7EAA-470A-B9D1-98E6A3C6C325}
		{E4B11520-83B3-4605-873A-715C242252A8} = {4CF961CF-12B5-4F4B-B6CD-DE0827DF2A96}
		{CA8EAC7B-B085-42B8-A114-7C5F9E383DEA} = {4CF961CF-12B5-4F4B-B6CD-DE0827DF2A96}
		{660B5EA3-5C2A-4D82-8E87-537067B118C0} = {4CF961CF-12B5-4F4B-B6CD-DE0827DF2A96}
		{D4E129DF-72BF-4174-96E9-B0BF0F566399} = {0B3A4279-AFDE-4281-93D5-BE019BCCEDB2}
		{FA9406DB-B2F3-4818-9669-35F0F53302EC} = {0B3A4279-AFDE-4281-93D5-BE019BCCEDB2}
		{B9EC52BC-6807-4581-95CA-1D37254A08A0} = {0B3A4279-AFDE-4281-93D5-BE019BCCEDB2}
		{97473D90-E628-4548-A491-4678514844B1} = {96B0B9DE-72CA-4182-876E-64B27BD9762B}
		{AE742F8A-2074-4F22-BC73-DE03E146DB0C} = {96B0B9DE-72CA-4182-876E-64B27BD9762B}
		{382322BD-141F-4583-B340-D63E6A1ADD19} = {96B0B9DE-72CA-4182-876E-64B27BD9762B}
	EndGlobalSection
	GlobalSection(ExtensibilityGlobals) = postSolution
		SolutionGuid = {2D3166C3-1183-4AC5-91C1-1E971B2BA38E}
	EndGlobalSection
EndGlobal
